
Microsoft Visual Studio Solution File, Format Version 12.00
# Visual Studio Version 16
VisualStudioVersion = 16.0.31424.327
MinimumVisualStudioVersion = 10.0.40219.1
Project("{FAE04EC0-301F-11D3-BF4B-00C04F79EFBC}") = "01_TypesAndVariables", "01_TypesAndVariables\01_TypesAndVariables.csproj", "{913D7B52-446D-4E5B-880B-45F2D13315A6}"
EndProject
Project("{FAE04EC0-301F-11D3-BF4B-00C04F79EFBC}") = "02_Operators", "02_Operators\02_Operators.csproj", "{7631A38F-4802-4F9C-AF26-A52ED84F4283}"
EndProject
Project("{FAE04EC0-301F-11D3-BF4B-00C04F79EFBC}") = "03_Conditionals", "03_Conditionals\03_Conditionals.csproj", "{2FCF1C94-54C2-4AA1-BDA4-CE76A0BB25FC}"
EndProject
Project("{FAE04EC0-301F-11D3-BF4B-00C04F79EFBC}") = "04_Loops", "04_Loops\04_Loops.csproj", "{65A407A4-F6C8-48AA-A0AD-DE872882FA1C}"
EndProject
Project("{FAE04EC0-301F-11D3-BF4B-00C04F79EFBC}") = "05_Classes", "05_Classes\05_Classes.csproj", "{088432FD-6497-436E-82E1-6621173CAFA0}"
EndProject
Global
	GlobalSection(SolutionConfigurationPlatforms) = preSolution
		Debug|Any CPU = Debug|Any CPU
		Release|Any CPU = Release|Any CPU
	EndGlobalSection
	GlobalSection(ProjectConfigurationPlatforms) = postSolution
		{913D7B52-446D-4E5B-880B-45F2D13315A6}.Debug|Any CPU.ActiveCfg = Debug|Any CPU
		{913D7B52-446D-4E5B-880B-45F2D13315A6}.Debug|Any CPU.Build.0 = Debug|Any CPU
		{913D7B52-446D-4E5B-880B-45F2D13315A6}.Release|Any CPU.ActiveCfg = Release|Any CPU
		{913D7B52-446D-4E5B-880B-45F2D13315A6}.Release|Any CPU.Build.0 = Release|Any CPU
		{7631A38F-4802-4F9C-AF26-A52ED84F4283}.Debug|Any CPU.ActiveCfg = Debug|Any CPU
		{7631A38F-4802-4F9C-AF26-A52ED84F4283}.Debug|Any CPU.Build.0 = Debug|Any CPU
		{7631A38F-4802-4F9C-AF26-A52ED84F4283}.Release|Any CPU.ActiveCfg = Release|Any CPU
		{7631A38F-4802-4F9C-AF26-A52ED84F4283}.Release|Any CPU.Build.0 = Release|Any CPU
		{2FCF1C94-54C2-4AA1-BDA4-CE76A0BB25FC}.Debug|Any CPU.ActiveCfg = Debug|Any CPU
		{2FCF1C94-54C2-4AA1-BDA4-CE76A0BB25FC}.Debug|Any CPU.Build.0 = Debug|Any CPU
		{2FCF1C94-54C2-4AA1-BDA4-CE76A0BB25FC}.Release|Any CPU.ActiveCfg = Release|Any CPU
		{2FCF1C94-54C2-4AA1-BDA4-CE76A0BB25FC}.Release|Any CPU.Build.0 = Release|Any CPU
		{65A407A4-F6C8-48AA-A0AD-DE872882FA1C}.Debug|Any CPU.ActiveCfg = Debug|Any CPU
		{65A407A4-F6C8-48AA-A0AD-DE872882FA1C}.Debug|Any CPU.Build.0 = Debug|Any CPU
		{65A407A4-F6C8-48AA-A0AD-DE872882FA1C}.Release|Any CPU.ActiveCfg = Release|Any CPU
		{65A407A4-F6C8-48AA-A0AD-DE872882FA1C}.Release|Any CPU.Build.0 = Release|Any CPU
		{088432FD-6497-436E-82E1-6621173CAFA0}.Debug|Any CPU.ActiveCfg = Debug|Any CPU
		{088432FD-6497-436E-82E1-6621173CAFA0}.Debug|Any CPU.Build.0 = Debug|Any CPU
		{088432FD-6497-436E-82E1-6621173CAFA0}.Release|Any CPU.ActiveCfg = Release|Any CPU
		{088432FD-6497-436E-82E1-6621173CAFA0}.Release|Any CPU.Build.0 = Release|Any CPU
	EndGlobalSection
	GlobalSection(SolutionProperties) = preSolution
		HideSolutionNode = FALSE
	EndGlobalSection
	GlobalSection(ExtensibilityGlobals) = postSolution
		SolutionGuid = {1B839F94-B5BE-4254-9737-A5C37F009110}
	EndGlobalSection
EndGlobal
